// !$*UTF8*$!
{
	archiveVersion = 1;
	classes = {
	};
	objectVersion = 56;
	objects = {

/* Begin PBXBuildFile section */
		699C7F6FCB698A1547263DF9 /* Pods_RxSwift_Tutorial_5.framework in Frameworks */ = {isa = PBXBuildFile; fileRef = BB1B05AFA4A0C6ED4FA71AE5 /* Pods_RxSwift_Tutorial_5.framework */; };
		F111D3AC2A484EEF004A54D0 /* CalculatorViewModel.swift in Sources */ = {isa = PBXBuildFile; fileRef = F111D3AB2A484EEF004A54D0 /* CalculatorViewModel.swift */; };
		F111D3B32A4AEDB9004A54D0 /* CurrencyFormatter.swift in Sources */ = {isa = PBXBuildFile; fileRef = F111D3B22A4AEDB9004A54D0 /* CurrencyFormatter.swift */; };
		F12E9D232A4B1A6900859C61 /* ButtonCommand.swift in Sources */ = {isa = PBXBuildFile; fileRef = F12E9D222A4B1A6900859C61 /* ButtonCommand.swift */; };
		F1606C6F2A4C44C40078BB85 /* InputField.swift in Sources */ = {isa = PBXBuildFile; fileRef = F1606C6E2A4C44C40078BB85 /* InputField.swift */; };
		F1C678872A481D2E00AF1D10 /* AppDelegate.swift in Sources */ = {isa = PBXBuildFile; fileRef = F1C678862A481D2E00AF1D10 /* AppDelegate.swift */; };
		F1C678892A481D2E00AF1D10 /* SceneDelegate.swift in Sources */ = {isa = PBXBuildFile; fileRef = F1C678882A481D2E00AF1D10 /* SceneDelegate.swift */; };
		F1C6788B2A481D2E00AF1D10 /* CalculatorViewController.swift in Sources */ = {isa = PBXBuildFile; fileRef = F1C6788A2A481D2E00AF1D10 /* CalculatorViewController.swift */; };
		F1C6788E2A481D2E00AF1D10 /* Main.storyboard in Resources */ = {isa = PBXBuildFile; fileRef = F1C6788C2A481D2E00AF1D10 /* Main.storyboard */; };
		F1C678902A481D2F00AF1D10 /* Assets.xcassets in Resources */ = {isa = PBXBuildFile; fileRef = F1C6788F2A481D2F00AF1D10 /* Assets.xcassets */; };
		F1C678932A481D2F00AF1D10 /* LaunchScreen.storyboard in Resources */ = {isa = PBXBuildFile; fileRef = F1C678912A481D2F00AF1D10 /* LaunchScreen.storyboard */; };
/* End PBXBuildFile section */

/* Begin PBXFileReference section */
		29EEFF24EBF6C548014BE8AA /* Pods-RxSwift-Tutorial-5.debug.xcconfig */ = {isa = PBXFileReference; includeInIndex = 1; lastKnownFileType = text.xcconfig; name = "Pods-RxSwift-Tutorial-5.debug.xcconfig"; path = "Target Support Files/Pods-RxSwift-Tutorial-5/Pods-RxSwift-Tutorial-5.debug.xcconfig"; sourceTree = "<group>"; };
		6CFB8D1CF4F3B7ADF99B9253 /* Pods-RxSwift-Tutorial-5.release.xcconfig */ = {isa = PBXFileReference; includeInIndex = 1; lastKnownFileType = text.xcconfig; name = "Pods-RxSwift-Tutorial-5.release.xcconfig"; path = "Target Support Files/Pods-RxSwift-Tutorial-5/Pods-RxSwift-Tutorial-5.release.xcconfig"; sourceTree = "<group>"; };
		BB1B05AFA4A0C6ED4FA71AE5 /* Pods_RxSwift_Tutorial_5.framework */ = {isa = PBXFileReference; explicitFileType = wrapper.framework; includeInIndex = 0; path = Pods_RxSwift_Tutorial_5.framework; sourceTree = BUILT_PRODUCTS_DIR; };
		F111D3AB2A484EEF004A54D0 /* CalculatorViewModel.swift */ = {isa = PBXFileReference; lastKnownFileType = sourcecode.swift; path = CalculatorViewModel.swift; sourceTree = "<group>"; };
		F111D3B22A4AEDB9004A54D0 /* CurrencyFormatter.swift */ = {isa = PBXFileReference; lastKnownFileType = sourcecode.swift; path = CurrencyFormatter.swift; sourceTree = "<group>"; };
		F12E9D222A4B1A6900859C61 /* ButtonCommand.swift */ = {isa = PBXFileReference; lastKnownFileType = sourcecode.swift; path = ButtonCommand.swift; sourceTree = "<group>"; };
		F1606C6E2A4C44C40078BB85 /* InputField.swift */ = {isa = PBXFileReference; lastKnownFileType = sourcecode.swift; path = InputField.swift; sourceTree = "<group>"; };
		F1C678832A481D2E00AF1D10 /* RxSwift-Tutorial-5.app */ = {isa = PBXFileReference; explicitFileType = wrapper.application; includeInIndex = 0; path = "RxSwift-Tutorial-5.app"; sourceTree = BUILT_PRODUCTS_DIR; };
		F1C678862A481D2E00AF1D10 /* AppDelegate.swift */ = {isa = PBXFileReference; lastKnownFileType = sourcecode.swift; path = AppDelegate.swift; sourceTree = "<group>"; };
		F1C678882A481D2E00AF1D10 /* SceneDelegate.swift */ = {isa = PBXFileReference; lastKnownFileType = sourcecode.swift; path = SceneDelegate.swift; sourceTree = "<group>"; };
		F1C6788A2A481D2E00AF1D10 /* CalculatorViewController.swift */ = {isa = PBXFileReference; lastKnownFileType = sourcecode.swift; path = CalculatorViewController.swift; sourceTree = "<group>"; };
		F1C6788D2A481D2E00AF1D10 /* Base */ = {isa = PBXFileReference; lastKnownFileType = file.storyboard; name = Base; path = Base.lproj/Main.storyboard; sourceTree = "<group>"; };
		F1C6788F2A481D2F00AF1D10 /* Assets.xcassets */ = {isa = PBXFileReference; lastKnownFileType = folder.assetcatalog; path = Assets.xcassets; sourceTree = "<group>"; };
		F1C678922A481D2F00AF1D10 /* Base */ = {isa = PBXFileReference; lastKnownFileType = file.storyboard; name = Base; path = Base.lproj/LaunchScreen.storyboard; sourceTree = "<group>"; };
		F1C678942A481D2F00AF1D10 /* Info.plist */ = {isa = PBXFileReference; lastKnownFileType = text.plist.xml; path = Info.plist; sourceTree = "<group>"; };
/* End PBXFileReference section */

/* Begin PBXFrameworksBuildPhase section */
		F1C678802A481D2E00AF1D10 /* Frameworks */ = {
			isa = PBXFrameworksBuildPhase;
			buildActionMask = 2147483647;
			files = (
				699C7F6FCB698A1547263DF9 /* Pods_RxSwift_Tutorial_5.framework in Frameworks */,
			);
			runOnlyForDeploymentPostprocessing = 0;
		};
/* End PBXFrameworksBuildPhase section */

/* Begin PBXGroup section */
		1BFC356368E572CD60DF1105 /* Pods */ = {
			isa = PBXGroup;
			children = (
				29EEFF24EBF6C548014BE8AA /* Pods-RxSwift-Tutorial-5.debug.xcconfig */,
				6CFB8D1CF4F3B7ADF99B9253 /* Pods-RxSwift-Tutorial-5.release.xcconfig */,
			);
			path = Pods;
			sourceTree = "<group>";
		};
		AEC6B782B4339F2C8280931D /* Frameworks */ = {
			isa = PBXGroup;
			children = (
				BB1B05AFA4A0C6ED4FA71AE5 /* Pods_RxSwift_Tutorial_5.framework */,
			);
			name = Frameworks;
			sourceTree = "<group>";
		};
		F1C6787A2A481D2E00AF1D10 = {
			isa = PBXGroup;
			children = (
				F1C678852A481D2E00AF1D10 /* RxSwift-Tutorial-5 */,
				F1C678842A481D2E00AF1D10 /* Products */,
				1BFC356368E572CD60DF1105 /* Pods */,
				AEC6B782B4339F2C8280931D /* Frameworks */,
			);
			sourceTree = "<group>";
		};
		F1C678842A481D2E00AF1D10 /* Products */ = {
			isa = PBXGroup;
			children = (
				F1C678832A481D2E00AF1D10 /* RxSwift-Tutorial-5.app */,
			);
			name = Products;
			sourceTree = "<group>";
		};
		F1C678852A481D2E00AF1D10 /* RxSwift-Tutorial-5 */ = {
			isa = PBXGroup;
			children = (
				F1C678862A481D2E00AF1D10 /* AppDelegate.swift */,
				F1C678882A481D2E00AF1D10 /* SceneDelegate.swift */,
				F111D3B22A4AEDB9004A54D0 /* CurrencyFormatter.swift */,
				F1C6789C2A48428A00AF1D10 /* Models */,
				F1C6789B2A48428100AF1D10 /* ViewModels */,
				F1C6789A2A48426200AF1D10 /* Views */,
				F1C6788F2A481D2F00AF1D10 /* Assets.xcassets */,
				F1C678942A481D2F00AF1D10 /* Info.plist */,
			);
			path = "RxSwift-Tutorial-5";
			sourceTree = "<group>";
		};
		F1C6789A2A48426200AF1D10 /* Views */ = {
			isa = PBXGroup;
			children = (
				F1C678912A481D2F00AF1D10 /* LaunchScreen.storyboard */,
				F1C6788C2A481D2E00AF1D10 /* Main.storyboard */,
				F1C6788A2A481D2E00AF1D10 /* CalculatorViewController.swift */,
			);
			path = Views;
			sourceTree = "<group>";
		};
		F1C6789B2A48428100AF1D10 /* ViewModels */ = {
			isa = PBXGroup;
			children = (
				F111D3AB2A484EEF004A54D0 /* CalculatorViewModel.swift */,
			);
			name = ViewModels;
			sourceTree = "<group>";
		};
		F1C6789C2A48428A00AF1D10 /* Models */ = {
			isa = PBXGroup;
			children = (
				F1606C6E2A4C44C40078BB85 /* InputField.swift */,
				F12E9D222A4B1A6900859C61 /* ButtonCommand.swift */,
			);
			path = Models;
			sourceTree = "<group>";
		};
/* End PBXGroup section */

/* Begin PBXNativeTarget section */
		F1C678822A481D2E00AF1D10 /* RxSwift-Tutorial-5 */ = {
			isa = PBXNativeTarget;
			buildConfigurationList = F1C678972A481D2F00AF1D10 /* Build configuration list for PBXNativeTarget "RxSwift-Tutorial-5" */;
			buildPhases = (
				18CF1E7DB8CEFE9C4C43D745 /* [CP] Check Pods Manifest.lock */,
				F1C6787F2A481D2E00AF1D10 /* Sources */,
				F1C678802A481D2E00AF1D10 /* Frameworks */,
				F1C678812A481D2E00AF1D10 /* Resources */,
				97CFD7E2359D5437872C64A3 /* [CP] Embed Pods Frameworks */,
			);
			buildRules = (
			);
			dependencies = (
			);
			name = "RxSwift-Tutorial-5";
			productName = "RxSwift-Tutorial-5";
			productReference = F1C678832A481D2E00AF1D10 /* RxSwift-Tutorial-5.app */;
			productType = "com.apple.product-type.application";
		};
/* End PBXNativeTarget section */

/* Begin PBXProject section */
		F1C6787B2A481D2E00AF1D10 /* Project object */ = {
			isa = PBXProject;
			attributes = {
				BuildIndependentTargetsInParallel = 1;
				LastSwiftUpdateCheck = 1430;
				LastUpgradeCheck = 1430;
				TargetAttributes = {
					F1C678822A481D2E00AF1D10 = {
						CreatedOnToolsVersion = 14.3.1;
					};
				};
			};
			buildConfigurationList = F1C6787E2A481D2E00AF1D10 /* Build configuration list for PBXProject "RxSwift-Tutorial-5" */;
			compatibilityVersion = "Xcode 14.0";
			developmentRegion = en;
			hasScannedForEncodings = 0;
			knownRegions = (
				en,
				Base,
			);
			mainGroup = F1C6787A2A481D2E00AF1D10;
			productRefGroup = F1C678842A481D2E00AF1D10 /* Products */;
			projectDirPath = "";
			projectRoot = "";
			targets = (
				F1C678822A481D2E00AF1D10 /* RxSwift-Tutorial-5 */,
			);
		};
/* End PBXProject section */

/* Begin PBXResourcesBuildPhase section */
		F1C678812A481D2E00AF1D10 /* Resources */ = {
			isa = PBXResourcesBuildPhase;
			buildActionMask = 2147483647;
			files = (
				F1C678932A481D2F00AF1D10 /* LaunchScreen.storyboard in Resources */,
				F1C678902A481D2F00AF1D10 /* Assets.xcassets in Resources */,
				F1C6788E2A481D2E00AF1D10 /* Main.storyboard in Resources */,
			);
			runOnlyForDeploymentPostprocessing = 0;
		};
/* End PBXResourcesBuildPhase section */

/* Begin PBXShellScriptBuildPhase section */
		18CF1E7DB8CEFE9C4C43D745 /* [CP] Check Pods Manifest.lock */ = {
			isa = PBXShellScriptBuildPhase;
			buildActionMask = 2147483647;
			files = (
			);
			inputFileListPaths = (
			);
			inputPaths = (
				"${PODS_PODFILE_DIR_PATH}/Podfile.lock",
				"${PODS_ROOT}/Manifest.lock",
			);
			name = "[CP] Check Pods Manifest.lock";
			outputFileListPaths = (
			);
			outputPaths = (
				"$(DERIVED_FILE_DIR)/Pods-RxSwift-Tutorial-5-checkManifestLockResult.txt",
			);
			runOnlyForDeploymentPostprocessing = 0;
			shellPath = /bin/sh;
			shellScript = "diff \"${PODS_PODFILE_DIR_PATH}/Podfile.lock\" \"${PODS_ROOT}/Manifest.lock\" > /dev/null\nif [ $? != 0 ] ; then\n    # print error to STDERR\n    echo \"error: The sandbox is not in sync with the Podfile.lock. Run 'pod install' or update your CocoaPods installation.\" >&2\n    exit 1\nfi\n# This output is used by Xcode 'outputs' to avoid re-running this script phase.\necho \"SUCCESS\" > \"${SCRIPT_OUTPUT_FILE_0}\"\n";
			showEnvVarsInLog = 0;
		};
		97CFD7E2359D5437872C64A3 /* [CP] Embed Pods Frameworks */ = {
			isa = PBXShellScriptBuildPhase;
			buildActionMask = 2147483647;
			files = (
			);
			inputFileListPaths = (
				"${PODS_ROOT}/Target Support Files/Pods-RxSwift-Tutorial-5/Pods-RxSwift-Tutorial-5-frameworks-${CONFIGURATION}-input-files.xcfilelist",
			);
			name = "[CP] Embed Pods Frameworks";
			outputFileListPaths = (
				"${PODS_ROOT}/Target Support Files/Pods-RxSwift-Tutorial-5/Pods-RxSwift-Tutorial-5-frameworks-${CONFIGURATION}-output-files.xcfilelist",
			);
			runOnlyForDeploymentPostprocessing = 0;
			shellPath = /bin/sh;
			shellScript = "\"${PODS_ROOT}/Target Support Files/Pods-RxSwift-Tutorial-5/Pods-RxSwift-Tutorial-5-frameworks.sh\"\n";
			showEnvVarsInLog = 0;
		};
/* End PBXShellScriptBuildPhase section */

/* Begin PBXSourcesBuildPhase section */
		F1C6787F2A481D2E00AF1D10 /* Sources */ = {
			isa = PBXSourcesBuildPhase;
			buildActionMask = 2147483647;
			files = (
				F1C6788B2A481D2E00AF1D10 /* CalculatorViewController.swift in Sources */,
				F12E9D232A4B1A6900859C61 /* ButtonCommand.swift in Sources */,
				F1C678872A481D2E00AF1D10 /* AppDelegate.swift in Sources */,
				F111D3AC2A484EEF004A54D0 /* CalculatorViewModel.swift in Sources */,
				F1C678892A481D2E00AF1D10 /* SceneDelegate.swift in Sources */,
				F111D3B32A4AEDB9004A54D0 /* CurrencyFormatter.swift in Sources */,
				F1606C6F2A4C44C40078BB85 /* InputField.swift in Sources */,
			);
			runOnlyForDeploymentPostprocessing = 0;
		};
/* End PBXSourcesBuildPhase section */

/* Begin PBXVariantGroup section */
		F1C6788C2A481D2E00AF1D10 /* Main.storyboard */ = {
			isa = PBXVariantGroup;
			children = (
				F1C6788D2A481D2E00AF1D10 /* Base */,
			);
			name = Main.storyboard;
			sourceTree = "<group>";
		};
		F1C678912A481D2F00AF1D10 /* LaunchScreen.storyboard */ = {
			isa = PBXVariantGroup;
			children = (
				F1C678922A481D2F00AF1D10 /* Base */,
			);
			name = LaunchScreen.storyboard;
			sourceTree = "<group>";
		};
/* End PBXVariantGroup section */

/* Begin XCBuildConfiguration section */
		F1C678952A481D2F00AF1D10 /* Debug */ = {
			isa = XCBuildConfiguration;
			buildSettings = {
				ALWAYS_SEARCH_USER_PATHS = NO;
				CLANG_ANALYZER_NONNULL = YES;
				CLANG_ANALYZER_NUMBER_OBJECT_CONVERSION = YES_AGGRESSIVE;
				CLANG_CXX_LANGUAGE_STANDARD = "gnu++20";
				CLANG_ENABLE_MODULES = YES;
				CLANG_ENABLE_OBJC_ARC = YES;
				CLANG_ENABLE_OBJC_WEAK = YES;
				CLANG_WARN_BLOCK_CAPTURE_AUTORELEASING = YES;
				CLANG_WARN_BOOL_CONVERSION = YES;
				CLANG_WARN_COMMA = YES;
				CLANG_WARN_CONSTANT_CONVERSION = YES;
				CLANG_WARN_DEPRECATED_OBJC_IMPLEMENTATIONS = YES;
				CLANG_WARN_DIRECT_OBJC_ISA_USAGE = YES_ERROR;
				CLANG_WARN_DOCUMENTATION_COMMENTS = YES;
				CLANG_WARN_EMPTY_BODY = YES;
				CLANG_WARN_ENUM_CONVERSION = YES;
				CLANG_WARN_INFINITE_RECURSION = YES;
				CLANG_WARN_INT_CONVERSION = YES;
				CLANG_WARN_NON_LITERAL_NULL_CONVERSION = YES;
				CLANG_WARN_OBJC_IMPLICIT_RETAIN_SELF = YES;
				CLANG_WARN_OBJC_LITERAL_CONVERSION = YES;
				CLANG_WARN_OBJC_ROOT_CLASS = YES_ERROR;
				CLANG_WARN_QUOTED_INCLUDE_IN_FRAMEWORK_HEADER = YES;
				CLANG_WARN_RANGE_LOOP_ANALYSIS = YES;
				CLANG_WARN_STRICT_PROTOTYPES = YES;
				CLANG_WARN_SUSPICIOUS_MOVE = YES;
				CLANG_WARN_UNGUARDED_AVAILABILITY = YES_AGGRESSIVE;
				CLANG_WARN_UNREACHABLE_CODE = YES;
				CLANG_WARN__DUPLICATE_METHOD_MATCH = YES;
				COPY_PHASE_STRIP = NO;
				DEBUG_INFORMATION_FORMAT = dwarf;
				ENABLE_STRICT_OBJC_MSGSEND = YES;
				ENABLE_TESTABILITY = YES;
				GCC_C_LANGUAGE_STANDARD = gnu11;
				GCC_DYNAMIC_NO_PIC = NO;
				GCC_NO_COMMON_BLOCKS = YES;
				GCC_OPTIMIZATION_LEVEL = 0;
				GCC_PREPROCESSOR_DEFINITIONS = (
					"DEBUG=1",
					"$(inherited)",
				);
				GCC_WARN_64_TO_32_BIT_CONVERSION = YES;
				GCC_WARN_ABOUT_RETURN_TYPE = YES_ERROR;
				GCC_WARN_UNDECLARED_SELECTOR = YES;
				GCC_WARN_UNINITIALIZED_AUTOS = YES_AGGRESSIVE;
				GCC_WARN_UNUSED_FUNCTION = YES;
				GCC_WARN_UNUSED_VARIABLE = YES;
				IPHONEOS_DEPLOYMENT_TARGET = 16.4;
				MTL_ENABLE_DEBUG_INFO = INCLUDE_SOURCE;
				MTL_FAST_MATH = YES;
				ONLY_ACTIVE_ARCH = YES;
				SDKROOT = iphoneos;
				SWIFT_ACTIVE_COMPILATION_CONDITIONS = DEBUG;
				SWIFT_OPTIMIZATION_LEVEL = "-Onone";
			};
			name = Debug;
		};
		F1C678962A481D2F00AF1D10 /* Release */ = {
			isa = XCBuildConfiguration;
			buildSettings = {
				ALWAYS_SEARCH_USER_PATHS = NO;
				CLANG_ANALYZER_NONNULL = YES;
				CLANG_ANALYZER_NUMBER_OBJECT_CONVERSION = YES_AGGRESSIVE;
				CLANG_CXX_LANGUAGE_STANDARD = "gnu++20";
				CLANG_ENABLE_MODULES = YES;
				CLANG_ENABLE_OBJC_ARC = YES;
				CLANG_ENABLE_OBJC_WEAK = YES;
				CLANG_WARN_BLOCK_CAPTURE_AUTORELEASING = YES;
				CLANG_WARN_BOOL_CONVERSION = YES;
				CLANG_WARN_COMMA = YES;
				CLANG_WARN_CONSTANT_CONVERSION = YES;
				CLANG_WARN_DEPRECATED_OBJC_IMPLEMENTATIONS = YES;
				CLANG_WARN_DIRECT_OBJC_ISA_USAGE = YES_ERROR;
				CLANG_WARN_DOCUMENTATION_COMMENTS = YES;
				CLANG_WARN_EMPTY_BODY = YES;
				CLANG_WARN_ENUM_CONVERSION = YES;
				CLANG_WARN_INFINITE_RECURSION = YES;
				CLANG_WARN_INT_CONVERSION = YES;
				CLANG_WARN_NON_LITERAL_NULL_CONVERSION = YES;
				CLANG_WARN_OBJC_IMPLICIT_RETAIN_SELF = YES;
				CLANG_WARN_OBJC_LITERAL_CONVERSION = YES;
				CLANG_WARN_OBJC_ROOT_CLASS = YES_ERROR;
				CLANG_WARN_QUOTED_INCLUDE_IN_FRAMEWORK_HEADER = YES;
				CLANG_WARN_RANGE_LOOP_ANALYSIS = YES;
				CLANG_WARN_STRICT_PROTOTYPES = YES;
				CLANG_WARN_SUSPICIOUS_MOVE = YES;
				CLANG_WARN_UNGUARDED_AVAILABILITY = YES_AGGRESSIVE;
				CLANG_WARN_UNREACHABLE_CODE = YES;
				CLANG_WARN__DUPLICATE_METHOD_MATCH = YES;
				COPY_PHASE_STRIP = NO;
				DEBUG_INFORMATION_FORMAT = "dwarf-with-dsym";
				ENABLE_NS_ASSERTIONS = NO;
				ENABLE_STRICT_OBJC_MSGSEND = YES;
				GCC_C_LANGUAGE_STANDARD = gnu11;
				GCC_NO_COMMON_BLOCKS = YES;
				GCC_WARN_64_TO_32_BIT_CONVERSION = YES;
				GCC_WARN_ABOUT_RETURN_TYPE = YES_ERROR;
				GCC_WARN_UNDECLARED_SELECTOR = YES;
				GCC_WARN_UNINITIALIZED_AUTOS = YES_AGGRESSIVE;
				GCC_WARN_UNUSED_FUNCTION = YES;
				GCC_WARN_UNUSED_VARIABLE = YES;
				IPHONEOS_DEPLOYMENT_TARGET = 16.4;
				MTL_ENABLE_DEBUG_INFO = NO;
				MTL_FAST_MATH = YES;
				SDKROOT = iphoneos;
				SWIFT_COMPILATION_MODE = wholemodule;
				SWIFT_OPTIMIZATION_LEVEL = "-O";
				VALIDATE_PRODUCT = YES;
			};
			name = Release;
		};
		F1C678982A481D2F00AF1D10 /* Debug */ = {
			isa = XCBuildConfiguration;
			baseConfigurationReference = 29EEFF24EBF6C548014BE8AA /* Pods-RxSwift-Tutorial-5.debug.xcconfig */;
			buildSettings = {
				ASSETCATALOG_COMPILER_APPICON_NAME = AppIcon;
				ASSETCATALOG_COMPILER_GLOBAL_ACCENT_COLOR_NAME = AccentColor;
				CODE_SIGN_STYLE = Automatic;
				CURRENT_PROJECT_VERSION = 1;
				DEVELOPMENT_TEAM = JY9QH7G8BB;
				GENERATE_INFOPLIST_FILE = YES;
				INFOPLIST_FILE = "RxSwift-Tutorial-5/Info.plist";
				INFOPLIST_KEY_UIApplicationSupportsIndirectInputEvents = YES;
				INFOPLIST_KEY_UILaunchStoryboardName = LaunchScreen;
				INFOPLIST_KEY_UIMainStoryboardFile = Main;
				INFOPLIST_KEY_UISupportedInterfaceOrientations_iPad = "UIInterfaceOrientationPortrait UIInterfaceOrientationPortraitUpsideDown UIInterfaceOrientationLandscapeLeft UIInterfaceOrientationLandscapeRight";
				INFOPLIST_KEY_UISupportedInterfaceOrientations_iPhone = "UIInterfaceOrientationPortrait UIInterfaceOrientationLandscapeLeft UIInterfaceOrientationLandscapeRight";
				LD_RUNPATH_SEARCH_PATHS = (
					"$(inherited)",
					"@executable_path/Frameworks",
				);
				MARKETING_VERSION = 1.0;
				PRODUCT_BUNDLE_IDENTIFIER = "com.SamSung.RxSwift-Tutorial-5";
				PRODUCT_NAME = "$(TARGET_NAME)";
				SUPPORTED_PLATFORMS = "iphoneos iphonesimulator";
				SUPPORTS_MACCATALYST = NO;
				SUPPORTS_MAC_DESIGNED_FOR_IPHONE_IPAD = NO;
				SWIFT_EMIT_LOC_STRINGS = YES;
				SWIFT_VERSION = 5.0;
				TARGETED_DEVICE_FAMILY = 1;
			};
			name = Debug;
		};
		F1C678992A481D2F00AF1D10 /* Release */ = {
			isa = XCBuildConfiguration;
			baseConfigurationReference = 6CFB8D1CF4F3B7ADF99B9253 /* Pods-RxSwift-Tutorial-5.release.xcconfig */;
			buildSettings = {
				ASSETCATALOG_COMPILER_APPICON_NAME = AppIcon;
				ASSETCATALOG_COMPILER_GLOBAL_ACCENT_COLOR_NAME = AccentColor;
				CODE_SIGN_STYLE = Automatic;
				CURRENT_PROJECT_VERSION = 1;
				DEVELOPMENT_TEAM = JY9QH7G8BB;
				GENERATE_INFOPLIST_FILE = YES;
				INFOPLIST_FILE = "RxSwift-Tutorial-5/Info.plist";
				INFOPLIST_KEY_UIApplicationSupportsIndirectInputEvents = YES;
				INFOPLIST_KEY_UILaunchStoryboardName = LaunchScreen;
				INFOPLIST_KEY_UIMainStoryboardFile = Main;
				INFOPLIST_KEY_UISupportedInterfaceOrientations_iPad = "UIInterfaceOrientationPortrait UIInterfaceOrientationPortraitUpsideDown UIInterfaceOrientationLandscapeLeft UIInterfaceOrientationLandscapeRight";
				INFOPLIST_KEY_UISupportedInterfaceOrientations_iPhone = "UIInterfaceOrientationPortrait UIInterfaceOrientationLandscapeLeft UIInterfaceOrientationLandscapeRight";
				LD_RUNPATH_SEARCH_PATHS = (
					"$(inherited)",
					"@executable_path/Frameworks",
				);
				MARKETING_VERSION = 1.0;
				PRODUCT_BUNDLE_IDENTIFIER = "com.SamSung.RxSwift-Tutorial-5";
				PRODUCT_NAME = "$(TARGET_NAME)";
				SUPPORTED_PLATFORMS = "iphoneos iphonesimulator";
				SUPPORTS_MACCATALYST = NO;
				SUPPORTS_MAC_DESIGNED_FOR_IPHONE_IPAD = NO;
				SWIFT_EMIT_LOC_STRINGS = YES;
				SWIFT_VERSION = 5.0;
				TARGETED_DEVICE_FAMILY = 1;
			};
			name = Release;
		};
/* End XCBuildConfiguration section */

/* Begin XCConfigurationList section */
		F1C6787E2A481D2E00AF1D10 /* Build configuration list for PBXProject "RxSwift-Tutorial-5" */ = {
			isa = XCConfigurationList;
			buildConfigurations = (
				F1C678952A481D2F00AF1D10 /* Debug */,
				F1C678962A481D2F00AF1D10 /* Release */,
			);
			defaultConfigurationIsVisible = 0;
			defaultConfigurationName = Release;
		};
		F1C678972A481D2F00AF1D10 /* Build configuration list for PBXNativeTarget "RxSwift-Tutorial-5" */ = {
			isa = XCConfigurationList;
			buildConfigurations = (
				F1C678982A481D2F00AF1D10 /* Debug */,
				F1C678992A481D2F00AF1D10 /* Release */,
			);
			defaultConfigurationIsVisible = 0;
			defaultConfigurationName = Release;
		};
/* End XCConfigurationList section */
	};
	rootObject = F1C6787B2A481D2E00AF1D10 /* Project object */;
}
