// !$*UTF8*$!
{
	archiveVersion = 1;
	classes = {
	};
	objectVersion = 56;
	objects = {

/* Begin PBXBuildFile section */
		51E22BFA60E966660F7A87FB /* Pods_RxSwift_Tutorial_3.framework in Frameworks */ = {isa = PBXBuildFile; fileRef = 2FE7D4658E0E43968FF4D5C4 /* Pods_RxSwift_Tutorial_3.framework */; };
		F18050052A42F277008C242A /* AppDelegate.swift in Sources */ = {isa = PBXBuildFile; fileRef = F18050042A42F277008C242A /* AppDelegate.swift */; };
		F18050072A42F277008C242A /* SceneDelegate.swift in Sources */ = {isa = PBXBuildFile; fileRef = F18050062A42F277008C242A /* SceneDelegate.swift */; };
		F18050092A42F277008C242A /* ViewController.swift in Sources */ = {isa = PBXBuildFile; fileRef = F18050082A42F277008C242A /* ViewController.swift */; };
		F180500E2A42F278008C242A /* Assets.xcassets in Resources */ = {isa = PBXBuildFile; fileRef = F180500D2A42F278008C242A /* Assets.xcassets */; };
		F18050112A42F278008C242A /* LaunchScreen.storyboard in Resources */ = {isa = PBXBuildFile; fileRef = F180500F2A42F278008C242A /* LaunchScreen.storyboard */; };
		F180501A2A42F800008C242A /* Main.storyboard in Resources */ = {isa = PBXBuildFile; fileRef = F18050182A42F800008C242A /* Main.storyboard */; };
		F180501C2A42F83E008C242A /* Member.swift in Sources */ = {isa = PBXBuildFile; fileRef = F180501B2A42F83E008C242A /* Member.swift */; };
		F180501E2A42F8BE008C242A /* DetailViewController.swift in Sources */ = {isa = PBXBuildFile; fileRef = F180501D2A42F8BE008C242A /* DetailViewController.swift */; };
		F18050202A42FCE0008C242A /* TableViewCell.swift in Sources */ = {isa = PBXBuildFile; fileRef = F180501F2A42FCE0008C242A /* TableViewCell.swift */; };
		F18050222A42FD29008C242A /* NetworkManager.swift in Sources */ = {isa = PBXBuildFile; fileRef = F18050212A42FD29008C242A /* NetworkManager.swift */; };
/* End PBXBuildFile section */

/* Begin PBXFileReference section */
		2FE7D4658E0E43968FF4D5C4 /* Pods_RxSwift_Tutorial_3.framework */ = {isa = PBXFileReference; explicitFileType = wrapper.framework; includeInIndex = 0; path = Pods_RxSwift_Tutorial_3.framework; sourceTree = BUILT_PRODUCTS_DIR; };
		3C6AEEB0524BF4BC5EAF52D1 /* Pods-RxSwift-Tutorial-3.release.xcconfig */ = {isa = PBXFileReference; includeInIndex = 1; lastKnownFileType = text.xcconfig; name = "Pods-RxSwift-Tutorial-3.release.xcconfig"; path = "Target Support Files/Pods-RxSwift-Tutorial-3/Pods-RxSwift-Tutorial-3.release.xcconfig"; sourceTree = "<group>"; };
		CF35FDBC345BEE5426476886 /* Pods-RxSwift-Tutorial-3.debug.xcconfig */ = {isa = PBXFileReference; includeInIndex = 1; lastKnownFileType = text.xcconfig; name = "Pods-RxSwift-Tutorial-3.debug.xcconfig"; path = "Target Support Files/Pods-RxSwift-Tutorial-3/Pods-RxSwift-Tutorial-3.debug.xcconfig"; sourceTree = "<group>"; };
		F18050012A42F277008C242A /* RxSwift-Tutorial-3.app */ = {isa = PBXFileReference; explicitFileType = wrapper.application; includeInIndex = 0; path = "RxSwift-Tutorial-3.app"; sourceTree = BUILT_PRODUCTS_DIR; };
		F18050042A42F277008C242A /* AppDelegate.swift */ = {isa = PBXFileReference; lastKnownFileType = sourcecode.swift; path = AppDelegate.swift; sourceTree = "<group>"; };
		F18050062A42F277008C242A /* SceneDelegate.swift */ = {isa = PBXFileReference; lastKnownFileType = sourcecode.swift; path = SceneDelegate.swift; sourceTree = "<group>"; };
		F18050082A42F277008C242A /* ViewController.swift */ = {isa = PBXFileReference; lastKnownFileType = sourcecode.swift; path = ViewController.swift; sourceTree = "<group>"; };
		F180500D2A42F278008C242A /* Assets.xcassets */ = {isa = PBXFileReference; lastKnownFileType = folder.assetcatalog; path = Assets.xcassets; sourceTree = "<group>"; };
		F18050102A42F278008C242A /* Base */ = {isa = PBXFileReference; lastKnownFileType = file.storyboard; name = Base; path = Base.lproj/LaunchScreen.storyboard; sourceTree = "<group>"; };
		F18050122A42F278008C242A /* Info.plist */ = {isa = PBXFileReference; lastKnownFileType = text.plist.xml; path = Info.plist; sourceTree = "<group>"; };
		F18050192A42F800008C242A /* Base */ = {isa = PBXFileReference; lastKnownFileType = file.storyboard; name = Base; path = Base.lproj/Main.storyboard; sourceTree = "<group>"; };
		F180501B2A42F83E008C242A /* Member.swift */ = {isa = PBXFileReference; lastKnownFileType = sourcecode.swift; path = Member.swift; sourceTree = "<group>"; };
		F180501D2A42F8BE008C242A /* DetailViewController.swift */ = {isa = PBXFileReference; lastKnownFileType = sourcecode.swift; path = DetailViewController.swift; sourceTree = "<group>"; };
		F180501F2A42FCE0008C242A /* TableViewCell.swift */ = {isa = PBXFileReference; lastKnownFileType = sourcecode.swift; path = TableViewCell.swift; sourceTree = "<group>"; };
		F18050212A42FD29008C242A /* NetworkManager.swift */ = {isa = PBXFileReference; lastKnownFileType = sourcecode.swift; path = NetworkManager.swift; sourceTree = "<group>"; };
/* End PBXFileReference section */

/* Begin PBXFrameworksBuildPhase section */
		F1804FFE2A42F277008C242A /* Frameworks */ = {
			isa = PBXFrameworksBuildPhase;
			buildActionMask = 2147483647;
			files = (
				51E22BFA60E966660F7A87FB /* Pods_RxSwift_Tutorial_3.framework in Frameworks */,
			);
			runOnlyForDeploymentPostprocessing = 0;
		};
/* End PBXFrameworksBuildPhase section */

/* Begin PBXGroup section */
		56044C44868FD5410CF90C0F /* Frameworks */ = {
			isa = PBXGroup;
			children = (
				2FE7D4658E0E43968FF4D5C4 /* Pods_RxSwift_Tutorial_3.framework */,
			);
			name = Frameworks;
			sourceTree = "<group>";
		};
		8FCABB5C65B2CEEFDD4B6A7E /* Pods */ = {
			isa = PBXGroup;
			children = (
				CF35FDBC345BEE5426476886 /* Pods-RxSwift-Tutorial-3.debug.xcconfig */,
				3C6AEEB0524BF4BC5EAF52D1 /* Pods-RxSwift-Tutorial-3.release.xcconfig */,
			);
			path = Pods;
			sourceTree = "<group>";
		};
		F1804FF82A42F277008C242A = {
			isa = PBXGroup;
			children = (
				F18050032A42F277008C242A /* RxSwift-Tutorial-3 */,
				F18050022A42F277008C242A /* Products */,
				8FCABB5C65B2CEEFDD4B6A7E /* Pods */,
				56044C44868FD5410CF90C0F /* Frameworks */,
			);
			sourceTree = "<group>";
		};
		F18050022A42F277008C242A /* Products */ = {
			isa = PBXGroup;
			children = (
				F18050012A42F277008C242A /* RxSwift-Tutorial-3.app */,
			);
			name = Products;
			sourceTree = "<group>";
		};
		F18050032A42F277008C242A /* RxSwift-Tutorial-3 */ = {
			isa = PBXGroup;
			children = (
				F18050042A42F277008C242A /* AppDelegate.swift */,
				F18050062A42F277008C242A /* SceneDelegate.swift */,
				F18050212A42FD29008C242A /* NetworkManager.swift */,
				F18050082A42F277008C242A /* ViewController.swift */,
				F180501F2A42FCE0008C242A /* TableViewCell.swift */,
				F180501D2A42F8BE008C242A /* DetailViewController.swift */,
				F180501B2A42F83E008C242A /* Member.swift */,
				F18050182A42F800008C242A /* Main.storyboard */,
				F180500D2A42F278008C242A /* Assets.xcassets */,
				F180500F2A42F278008C242A /* LaunchScreen.storyboard */,
				F18050122A42F278008C242A /* Info.plist */,
			);
			path = "RxSwift-Tutorial-3";
			sourceTree = "<group>";
		};
/* End PBXGroup section */

/* Begin PBXNativeTarget section */
		F18050002A42F277008C242A /* RxSwift-Tutorial-3 */ = {
			isa = PBXNativeTarget;
			buildConfigurationList = F18050152A42F278008C242A /* Build configuration list for PBXNativeTarget "RxSwift-Tutorial-3" */;
			buildPhases = (
				F3C9F31A4C7B22E573B18098 /* [CP] Check Pods Manifest.lock */,
				F1804FFD2A42F277008C242A /* Sources */,
				F1804FFE2A42F277008C242A /* Frameworks */,
				F1804FFF2A42F277008C242A /* Resources */,
				D4BB4191D2B22F93A2377CF4 /* [CP] Embed Pods Frameworks */,
			);
			buildRules = (
			);
			dependencies = (
			);
			name = "RxSwift-Tutorial-3";
			productName = "RxSwift-Tutorial-3";
			productReference = F18050012A42F277008C242A /* RxSwift-Tutorial-3.app */;
			productType = "com.apple.product-type.application";
		};
/* End PBXNativeTarget section */

/* Begin PBXProject section */
		F1804FF92A42F277008C242A /* Project object */ = {
			isa = PBXProject;
			attributes = {
				BuildIndependentTargetsInParallel = 1;
				LastSwiftUpdateCheck = 1430;
				LastUpgradeCheck = 1430;
				TargetAttributes = {
					F18050002A42F277008C242A = {
						CreatedOnToolsVersion = 14.3.1;
					};
				};
			};
			buildConfigurationList = F1804FFC2A42F277008C242A /* Build configuration list for PBXProject "RxSwift-Tutorial-3" */;
			compatibilityVersion = "Xcode 14.0";
			developmentRegion = en;
			hasScannedForEncodings = 0;
			knownRegions = (
				en,
				Base,
			);
			mainGroup = F1804FF82A42F277008C242A;
			productRefGroup = F18050022A42F277008C242A /* Products */;
			projectDirPath = "";
			projectRoot = "";
			targets = (
				F18050002A42F277008C242A /* RxSwift-Tutorial-3 */,
			);
		};
/* End PBXProject section */

/* Begin PBXResourcesBuildPhase section */
		F1804FFF2A42F277008C242A /* Resources */ = {
			isa = PBXResourcesBuildPhase;
			buildActionMask = 2147483647;
			files = (
				F180501A2A42F800008C242A /* Main.storyboard in Resources */,
				F18050112A42F278008C242A /* LaunchScreen.storyboard in Resources */,
				F180500E2A42F278008C242A /* Assets.xcassets in Resources */,
			);
			runOnlyForDeploymentPostprocessing = 0;
		};
/* End PBXResourcesBuildPhase section */

/* Begin PBXShellScriptBuildPhase section */
		D4BB4191D2B22F93A2377CF4 /* [CP] Embed Pods Frameworks */ = {
			isa = PBXShellScriptBuildPhase;
			buildActionMask = 2147483647;
			files = (
			);
			inputFileListPaths = (
				"${PODS_ROOT}/Target Support Files/Pods-RxSwift-Tutorial-3/Pods-RxSwift-Tutorial-3-frameworks-${CONFIGURATION}-input-files.xcfilelist",
			);
			name = "[CP] Embed Pods Frameworks";
			outputFileListPaths = (
				"${PODS_ROOT}/Target Support Files/Pods-RxSwift-Tutorial-3/Pods-RxSwift-Tutorial-3-frameworks-${CONFIGURATION}-output-files.xcfilelist",
			);
			runOnlyForDeploymentPostprocessing = 0;
			shellPath = /bin/sh;
			shellScript = "\"${PODS_ROOT}/Target Support Files/Pods-RxSwift-Tutorial-3/Pods-RxSwift-Tutorial-3-frameworks.sh\"\n";
			showEnvVarsInLog = 0;
		};
		F3C9F31A4C7B22E573B18098 /* [CP] Check Pods Manifest.lock */ = {
			isa = PBXShellScriptBuildPhase;
			buildActionMask = 2147483647;
			files = (
			);
			inputFileListPaths = (
			);
			inputPaths = (
				"${PODS_PODFILE_DIR_PATH}/Podfile.lock",
				"${PODS_ROOT}/Manifest.lock",
			);
			name = "[CP] Check Pods Manifest.lock";
			outputFileListPaths = (
			);
			outputPaths = (
				"$(DERIVED_FILE_DIR)/Pods-RxSwift-Tutorial-3-checkManifestLockResult.txt",
			);
			runOnlyForDeploymentPostprocessing = 0;
			shellPath = /bin/sh;
			shellScript = "diff \"${PODS_PODFILE_DIR_PATH}/Podfile.lock\" \"${PODS_ROOT}/Manifest.lock\" > /dev/null\nif [ $? != 0 ] ; then\n    # print error to STDERR\n    echo \"error: The sandbox is not in sync with the Podfile.lock. Run 'pod install' or update your CocoaPods installation.\" >&2\n    exit 1\nfi\n# This output is used by Xcode 'outputs' to avoid re-running this script phase.\necho \"SUCCESS\" > \"${SCRIPT_OUTPUT_FILE_0}\"\n";
			showEnvVarsInLog = 0;
		};
/* End PBXShellScriptBuildPhase section */

/* Begin PBXSourcesBuildPhase section */
		F1804FFD2A42F277008C242A /* Sources */ = {
			isa = PBXSourcesBuildPhase;
			buildActionMask = 2147483647;
			files = (
				F18050092A42F277008C242A /* ViewController.swift in Sources */,
				F18050052A42F277008C242A /* AppDelegate.swift in Sources */,
				F180501E2A42F8BE008C242A /* DetailViewController.swift in Sources */,
				F18050222A42FD29008C242A /* NetworkManager.swift in Sources */,
				F18050202A42FCE0008C242A /* TableViewCell.swift in Sources */,
				F18050072A42F277008C242A /* SceneDelegate.swift in Sources */,
				F180501C2A42F83E008C242A /* Member.swift in Sources */,
			);
			runOnlyForDeploymentPostprocessing = 0;
		};
/* End PBXSourcesBuildPhase section */

/* Begin PBXVariantGroup section */
		F180500F2A42F278008C242A /* LaunchScreen.storyboard */ = {
			isa = PBXVariantGroup;
			children = (
				F18050102A42F278008C242A /* Base */,
			);
			name = LaunchScreen.storyboard;
			sourceTree = "<group>";
		};
		F18050182A42F800008C242A /* Main.storyboard */ = {
			isa = PBXVariantGroup;
			children = (
				F18050192A42F800008C242A /* Base */,
			);
			name = Main.storyboard;
			sourceTree = "<group>";
		};
/* End PBXVariantGroup section */

/* Begin XCBuildConfiguration section */
		F18050132A42F278008C242A /* Debug */ = {
			isa = XCBuildConfiguration;
			buildSettings = {
				ALWAYS_SEARCH_USER_PATHS = NO;
				CLANG_ANALYZER_NONNULL = YES;
				CLANG_ANALYZER_NUMBER_OBJECT_CONVERSION = YES_AGGRESSIVE;
				CLANG_CXX_LANGUAGE_STANDARD = "gnu++20";
				CLANG_ENABLE_MODULES = YES;
				CLANG_ENABLE_OBJC_ARC = YES;
				CLANG_ENABLE_OBJC_WEAK = YES;
				CLANG_WARN_BLOCK_CAPTURE_AUTORELEASING = YES;
				CLANG_WARN_BOOL_CONVERSION = YES;
				CLANG_WARN_COMMA = YES;
				CLANG_WARN_CONSTANT_CONVERSION = YES;
				CLANG_WARN_DEPRECATED_OBJC_IMPLEMENTATIONS = YES;
				CLANG_WARN_DIRECT_OBJC_ISA_USAGE = YES_ERROR;
				CLANG_WARN_DOCUMENTATION_COMMENTS = YES;
				CLANG_WARN_EMPTY_BODY = YES;
				CLANG_WARN_ENUM_CONVERSION = YES;
				CLANG_WARN_INFINITE_RECURSION = YES;
				CLANG_WARN_INT_CONVERSION = YES;
				CLANG_WARN_NON_LITERAL_NULL_CONVERSION = YES;
				CLANG_WARN_OBJC_IMPLICIT_RETAIN_SELF = YES;
				CLANG_WARN_OBJC_LITERAL_CONVERSION = YES;
				CLANG_WARN_OBJC_ROOT_CLASS = YES_ERROR;
				CLANG_WARN_QUOTED_INCLUDE_IN_FRAMEWORK_HEADER = YES;
				CLANG_WARN_RANGE_LOOP_ANALYSIS = YES;
				CLANG_WARN_STRICT_PROTOTYPES = YES;
				CLANG_WARN_SUSPICIOUS_MOVE = YES;
				CLANG_WARN_UNGUARDED_AVAILABILITY = YES_AGGRESSIVE;
				CLANG_WARN_UNREACHABLE_CODE = YES;
				CLANG_WARN__DUPLICATE_METHOD_MATCH = YES;
				COPY_PHASE_STRIP = NO;
				DEBUG_INFORMATION_FORMAT = dwarf;
				ENABLE_STRICT_OBJC_MSGSEND = YES;
				ENABLE_TESTABILITY = YES;
				GCC_C_LANGUAGE_STANDARD = gnu11;
				GCC_DYNAMIC_NO_PIC = NO;
				GCC_NO_COMMON_BLOCKS = YES;
				GCC_OPTIMIZATION_LEVEL = 0;
				GCC_PREPROCESSOR_DEFINITIONS = (
					"DEBUG=1",
					"$(inherited)",
				);
				GCC_WARN_64_TO_32_BIT_CONVERSION = YES;
				GCC_WARN_ABOUT_RETURN_TYPE = YES_ERROR;
				GCC_WARN_UNDECLARED_SELECTOR = YES;
				GCC_WARN_UNINITIALIZED_AUTOS = YES_AGGRESSIVE;
				GCC_WARN_UNUSED_FUNCTION = YES;
				GCC_WARN_UNUSED_VARIABLE = YES;
				IPHONEOS_DEPLOYMENT_TARGET = 16.4;
				MTL_ENABLE_DEBUG_INFO = INCLUDE_SOURCE;
				MTL_FAST_MATH = YES;
				ONLY_ACTIVE_ARCH = YES;
				SDKROOT = iphoneos;
				SWIFT_ACTIVE_COMPILATION_CONDITIONS = DEBUG;
				SWIFT_OPTIMIZATION_LEVEL = "-Onone";
			};
			name = Debug;
		};
		F18050142A42F278008C242A /* Release */ = {
			isa = XCBuildConfiguration;
			buildSettings = {
				ALWAYS_SEARCH_USER_PATHS = NO;
				CLANG_ANALYZER_NONNULL = YES;
				CLANG_ANALYZER_NUMBER_OBJECT_CONVERSION = YES_AGGRESSIVE;
				CLANG_CXX_LANGUAGE_STANDARD = "gnu++20";
				CLANG_ENABLE_MODULES = YES;
				CLANG_ENABLE_OBJC_ARC = YES;
				CLANG_ENABLE_OBJC_WEAK = YES;
				CLANG_WARN_BLOCK_CAPTURE_AUTORELEASING = YES;
				CLANG_WARN_BOOL_CONVERSION = YES;
				CLANG_WARN_COMMA = YES;
				CLANG_WARN_CONSTANT_CONVERSION = YES;
				CLANG_WARN_DEPRECATED_OBJC_IMPLEMENTATIONS = YES;
				CLANG_WARN_DIRECT_OBJC_ISA_USAGE = YES_ERROR;
				CLANG_WARN_DOCUMENTATION_COMMENTS = YES;
				CLANG_WARN_EMPTY_BODY = YES;
				CLANG_WARN_ENUM_CONVERSION = YES;
				CLANG_WARN_INFINITE_RECURSION = YES;
				CLANG_WARN_INT_CONVERSION = YES;
				CLANG_WARN_NON_LITERAL_NULL_CONVERSION = YES;
				CLANG_WARN_OBJC_IMPLICIT_RETAIN_SELF = YES;
				CLANG_WARN_OBJC_LITERAL_CONVERSION = YES;
				CLANG_WARN_OBJC_ROOT_CLASS = YES_ERROR;
				CLANG_WARN_QUOTED_INCLUDE_IN_FRAMEWORK_HEADER = YES;
				CLANG_WARN_RANGE_LOOP_ANALYSIS = YES;
				CLANG_WARN_STRICT_PROTOTYPES = YES;
				CLANG_WARN_SUSPICIOUS_MOVE = YES;
				CLANG_WARN_UNGUARDED_AVAILABILITY = YES_AGGRESSIVE;
				CLANG_WARN_UNREACHABLE_CODE = YES;
				CLANG_WARN__DUPLICATE_METHOD_MATCH = YES;
				COPY_PHASE_STRIP = NO;
				DEBUG_INFORMATION_FORMAT = "dwarf-with-dsym";
				ENABLE_NS_ASSERTIONS = NO;
				ENABLE_STRICT_OBJC_MSGSEND = YES;
				GCC_C_LANGUAGE_STANDARD = gnu11;
				GCC_NO_COMMON_BLOCKS = YES;
				GCC_WARN_64_TO_32_BIT_CONVERSION = YES;
				GCC_WARN_ABOUT_RETURN_TYPE = YES_ERROR;
				GCC_WARN_UNDECLARED_SELECTOR = YES;
				GCC_WARN_UNINITIALIZED_AUTOS = YES_AGGRESSIVE;
				GCC_WARN_UNUSED_FUNCTION = YES;
				GCC_WARN_UNUSED_VARIABLE = YES;
				IPHONEOS_DEPLOYMENT_TARGET = 16.4;
				MTL_ENABLE_DEBUG_INFO = NO;
				MTL_FAST_MATH = YES;
				SDKROOT = iphoneos;
				SWIFT_COMPILATION_MODE = wholemodule;
				SWIFT_OPTIMIZATION_LEVEL = "-O";
				VALIDATE_PRODUCT = YES;
			};
			name = Release;
		};
		F18050162A42F278008C242A /* Debug */ = {
			isa = XCBuildConfiguration;
			baseConfigurationReference = CF35FDBC345BEE5426476886 /* Pods-RxSwift-Tutorial-3.debug.xcconfig */;
			buildSettings = {
				ASSETCATALOG_COMPILER_APPICON_NAME = AppIcon;
				ASSETCATALOG_COMPILER_GLOBAL_ACCENT_COLOR_NAME = AccentColor;
				CODE_SIGN_STYLE = Automatic;
				CURRENT_PROJECT_VERSION = 1;
				DEVELOPMENT_TEAM = JY9QH7G8BB;
				GENERATE_INFOPLIST_FILE = YES;
				INFOPLIST_FILE = "RxSwift-Tutorial-3/Info.plist";
				INFOPLIST_KEY_UIApplicationSupportsIndirectInputEvents = YES;
				INFOPLIST_KEY_UILaunchStoryboardName = LaunchScreen;
				INFOPLIST_KEY_UIMainStoryboardFile = Main;
				INFOPLIST_KEY_UISupportedInterfaceOrientations_iPad = "UIInterfaceOrientationPortrait UIInterfaceOrientationPortraitUpsideDown UIInterfaceOrientationLandscapeLeft UIInterfaceOrientationLandscapeRight";
				INFOPLIST_KEY_UISupportedInterfaceOrientations_iPhone = "UIInterfaceOrientationPortrait UIInterfaceOrientationLandscapeLeft UIInterfaceOrientationLandscapeRight";
				LD_RUNPATH_SEARCH_PATHS = (
					"$(inherited)",
					"@executable_path/Frameworks",
				);
				MARKETING_VERSION = 1.0;
				PRODUCT_BUNDLE_IDENTIFIER = "com.SamSung.RxSwift-Tutorial-3";
				PRODUCT_NAME = "$(TARGET_NAME)";
				SUPPORTED_PLATFORMS = "iphoneos iphonesimulator";
				SUPPORTS_MACCATALYST = NO;
				SUPPORTS_MAC_DESIGNED_FOR_IPHONE_IPAD = NO;
				SWIFT_EMIT_LOC_STRINGS = YES;
				SWIFT_VERSION = 5.0;
				TARGETED_DEVICE_FAMILY = 1;
			};
			name = Debug;
		};
		F18050172A42F278008C242A /* Release */ = {
			isa = XCBuildConfiguration;
			baseConfigurationReference = 3C6AEEB0524BF4BC5EAF52D1 /* Pods-RxSwift-Tutorial-3.release.xcconfig */;
			buildSettings = {
				ASSETCATALOG_COMPILER_APPICON_NAME = AppIcon;
				ASSETCATALOG_COMPILER_GLOBAL_ACCENT_COLOR_NAME = AccentColor;
				CODE_SIGN_STYLE = Automatic;
				CURRENT_PROJECT_VERSION = 1;
				DEVELOPMENT_TEAM = JY9QH7G8BB;
				GENERATE_INFOPLIST_FILE = YES;
				INFOPLIST_FILE = "RxSwift-Tutorial-3/Info.plist";
				INFOPLIST_KEY_UIApplicationSupportsIndirectInputEvents = YES;
				INFOPLIST_KEY_UILaunchStoryboardName = LaunchScreen;
				INFOPLIST_KEY_UIMainStoryboardFile = Main;
				INFOPLIST_KEY_UISupportedInterfaceOrientations_iPad = "UIInterfaceOrientationPortrait UIInterfaceOrientationPortraitUpsideDown UIInterfaceOrientationLandscapeLeft UIInterfaceOrientationLandscapeRight";
				INFOPLIST_KEY_UISupportedInterfaceOrientations_iPhone = "UIInterfaceOrientationPortrait UIInterfaceOrientationLandscapeLeft UIInterfaceOrientationLandscapeRight";
				LD_RUNPATH_SEARCH_PATHS = (
					"$(inherited)",
					"@executable_path/Frameworks",
				);
				MARKETING_VERSION = 1.0;
				PRODUCT_BUNDLE_IDENTIFIER = "com.SamSung.RxSwift-Tutorial-3";
				PRODUCT_NAME = "$(TARGET_NAME)";
				SUPPORTED_PLATFORMS = "iphoneos iphonesimulator";
				SUPPORTS_MACCATALYST = NO;
				SUPPORTS_MAC_DESIGNED_FOR_IPHONE_IPAD = NO;
				SWIFT_EMIT_LOC_STRINGS = YES;
				SWIFT_VERSION = 5.0;
				TARGETED_DEVICE_FAMILY = 1;
			};
			name = Release;
		};
/* End XCBuildConfiguration section */

/* Begin XCConfigurationList section */
		F1804FFC2A42F277008C242A /* Build configuration list for PBXProject "RxSwift-Tutorial-3" */ = {
			isa = XCConfigurationList;
			buildConfigurations = (
				F18050132A42F278008C242A /* Debug */,
				F18050142A42F278008C242A /* Release */,
			);
			defaultConfigurationIsVisible = 0;
			defaultConfigurationName = Release;
		};
		F18050152A42F278008C242A /* Build configuration list for PBXNativeTarget "RxSwift-Tutorial-3" */ = {
			isa = XCConfigurationList;
			buildConfigurations = (
				F18050162A42F278008C242A /* Debug */,
				F18050172A42F278008C242A /* Release */,
			);
			defaultConfigurationIsVisible = 0;
			defaultConfigurationName = Release;
		};
/* End XCConfigurationList section */
	};
	rootObject = F1804FF92A42F277008C242A /* Project object */;
}
