// !$*UTF8*$!
{
	archiveVersion = 1;
	classes = {
	};
	objectVersion = 56;
	objects = {

/* Begin PBXBuildFile section */
		031F2E0BEC3789D79367B48E /* Pods_RxSwift_Tutorial_4.framework in Frameworks */ = {isa = PBXBuildFile; fileRef = D542971816BE7B1814274AD7 /* Pods_RxSwift_Tutorial_4.framework */; };
		F1AE307C2A44594D00A67F5E /* AppDelegate.swift in Sources */ = {isa = PBXBuildFile; fileRef = F1AE307B2A44594D00A67F5E /* AppDelegate.swift */; };
		F1AE307E2A44594D00A67F5E /* SceneDelegate.swift in Sources */ = {isa = PBXBuildFile; fileRef = F1AE307D2A44594D00A67F5E /* SceneDelegate.swift */; };
		F1AE30802A44594D00A67F5E /* MainViewController.swift in Sources */ = {isa = PBXBuildFile; fileRef = F1AE307F2A44594D00A67F5E /* MainViewController.swift */; };
		F1AE30852A44594E00A67F5E /* Assets.xcassets in Resources */ = {isa = PBXBuildFile; fileRef = F1AE30842A44594E00A67F5E /* Assets.xcassets */; };
		F1AE30882A44594E00A67F5E /* LaunchScreen.storyboard in Resources */ = {isa = PBXBuildFile; fileRef = F1AE30862A44594E00A67F5E /* LaunchScreen.storyboard */; };
/* End PBXBuildFile section */

/* Begin PBXFileReference section */
		7F6DC81618AFEB7569251E2B /* Pods-RxSwift-Tutorial-4.release.xcconfig */ = {isa = PBXFileReference; includeInIndex = 1; lastKnownFileType = text.xcconfig; name = "Pods-RxSwift-Tutorial-4.release.xcconfig"; path = "Target Support Files/Pods-RxSwift-Tutorial-4/Pods-RxSwift-Tutorial-4.release.xcconfig"; sourceTree = "<group>"; };
		D542971816BE7B1814274AD7 /* Pods_RxSwift_Tutorial_4.framework */ = {isa = PBXFileReference; explicitFileType = wrapper.framework; includeInIndex = 0; path = Pods_RxSwift_Tutorial_4.framework; sourceTree = BUILT_PRODUCTS_DIR; };
		EA563CAC184B17B69115B99A /* Pods-RxSwift-Tutorial-4.debug.xcconfig */ = {isa = PBXFileReference; includeInIndex = 1; lastKnownFileType = text.xcconfig; name = "Pods-RxSwift-Tutorial-4.debug.xcconfig"; path = "Target Support Files/Pods-RxSwift-Tutorial-4/Pods-RxSwift-Tutorial-4.debug.xcconfig"; sourceTree = "<group>"; };
		F1AE30782A44594D00A67F5E /* RxSwift-Tutorial-4.app */ = {isa = PBXFileReference; explicitFileType = wrapper.application; includeInIndex = 0; path = "RxSwift-Tutorial-4.app"; sourceTree = BUILT_PRODUCTS_DIR; };
		F1AE307B2A44594D00A67F5E /* AppDelegate.swift */ = {isa = PBXFileReference; lastKnownFileType = sourcecode.swift; path = AppDelegate.swift; sourceTree = "<group>"; };
		F1AE307D2A44594D00A67F5E /* SceneDelegate.swift */ = {isa = PBXFileReference; lastKnownFileType = sourcecode.swift; path = SceneDelegate.swift; sourceTree = "<group>"; };
		F1AE307F2A44594D00A67F5E /* MainViewController.swift */ = {isa = PBXFileReference; lastKnownFileType = sourcecode.swift; path = MainViewController.swift; sourceTree = "<group>"; };
		F1AE30842A44594E00A67F5E /* Assets.xcassets */ = {isa = PBXFileReference; lastKnownFileType = folder.assetcatalog; path = Assets.xcassets; sourceTree = "<group>"; };
		F1AE30872A44594E00A67F5E /* Base */ = {isa = PBXFileReference; lastKnownFileType = file.storyboard; name = Base; path = Base.lproj/LaunchScreen.storyboard; sourceTree = "<group>"; };
		F1AE30892A44594E00A67F5E /* Info.plist */ = {isa = PBXFileReference; lastKnownFileType = text.plist.xml; path = Info.plist; sourceTree = "<group>"; };
/* End PBXFileReference section */

/* Begin PBXFrameworksBuildPhase section */
		F1AE30752A44594D00A67F5E /* Frameworks */ = {
			isa = PBXFrameworksBuildPhase;
			buildActionMask = 2147483647;
			files = (
				031F2E0BEC3789D79367B48E /* Pods_RxSwift_Tutorial_4.framework in Frameworks */,
			);
			runOnlyForDeploymentPostprocessing = 0;
		};
/* End PBXFrameworksBuildPhase section */

/* Begin PBXGroup section */
		9AFFB7BC75ABFF472550926C /* Pods */ = {
			isa = PBXGroup;
			children = (
				EA563CAC184B17B69115B99A /* Pods-RxSwift-Tutorial-4.debug.xcconfig */,
				7F6DC81618AFEB7569251E2B /* Pods-RxSwift-Tutorial-4.release.xcconfig */,
			);
			name = Pods;
			path = Pods;
			sourceTree = "<group>";
		};
		9D7353FE613243C93429C796 /* Frameworks */ = {
			isa = PBXGroup;
			children = (
				D542971816BE7B1814274AD7 /* Pods_RxSwift_Tutorial_4.framework */,
			);
			name = Frameworks;
			sourceTree = "<group>";
		};
		F1AE306F2A44594D00A67F5E = {
			isa = PBXGroup;
			children = (
				F1AE307A2A44594D00A67F5E /* RxSwift-Tutorial-4 */,
				F1AE30792A44594D00A67F5E /* Products */,
				9AFFB7BC75ABFF472550926C /* Pods */,
				9D7353FE613243C93429C796 /* Frameworks */,
			);
			sourceTree = "<group>";
		};
		F1AE30792A44594D00A67F5E /* Products */ = {
			isa = PBXGroup;
			children = (
				F1AE30782A44594D00A67F5E /* RxSwift-Tutorial-4.app */,
			);
			name = Products;
			sourceTree = "<group>";
		};
		F1AE307A2A44594D00A67F5E /* RxSwift-Tutorial-4 */ = {
			isa = PBXGroup;
			children = (
				F1AE307B2A44594D00A67F5E /* AppDelegate.swift */,
				F1AE307D2A44594D00A67F5E /* SceneDelegate.swift */,
				F1AE307F2A44594D00A67F5E /* MainViewController.swift */,
				F1AE30842A44594E00A67F5E /* Assets.xcassets */,
				F1AE30862A44594E00A67F5E /* LaunchScreen.storyboard */,
				F1AE30892A44594E00A67F5E /* Info.plist */,
			);
			path = "RxSwift-Tutorial-4";
			sourceTree = "<group>";
		};
/* End PBXGroup section */

/* Begin PBXNativeTarget section */
		F1AE30772A44594D00A67F5E /* RxSwift-Tutorial-4 */ = {
			isa = PBXNativeTarget;
			buildConfigurationList = F1AE308C2A44594E00A67F5E /* Build configuration list for PBXNativeTarget "RxSwift-Tutorial-4" */;
			buildPhases = (
				1DF218A5FB21E83C377A8060 /* [CP] Check Pods Manifest.lock */,
				F1AE30742A44594D00A67F5E /* Sources */,
				F1AE30752A44594D00A67F5E /* Frameworks */,
				F1AE30762A44594D00A67F5E /* Resources */,
				28AC392286FEE7728C3F7CF9 /* [CP] Embed Pods Frameworks */,
			);
			buildRules = (
			);
			dependencies = (
			);
			name = "RxSwift-Tutorial-4";
			productName = "RxSwift-Tutorial-4";
			productReference = F1AE30782A44594D00A67F5E /* RxSwift-Tutorial-4.app */;
			productType = "com.apple.product-type.application";
		};
/* End PBXNativeTarget section */

/* Begin PBXProject section */
		F1AE30702A44594D00A67F5E /* Project object */ = {
			isa = PBXProject;
			attributes = {
				BuildIndependentTargetsInParallel = 1;
				LastSwiftUpdateCheck = 1430;
				LastUpgradeCheck = 1430;
				TargetAttributes = {
					F1AE30772A44594D00A67F5E = {
						CreatedOnToolsVersion = 14.3.1;
					};
				};
			};
			buildConfigurationList = F1AE30732A44594D00A67F5E /* Build configuration list for PBXProject "RxSwift-Tutorial-4" */;
			compatibilityVersion = "Xcode 14.0";
			developmentRegion = en;
			hasScannedForEncodings = 0;
			knownRegions = (
				en,
				Base,
			);
			mainGroup = F1AE306F2A44594D00A67F5E;
			productRefGroup = F1AE30792A44594D00A67F5E /* Products */;
			projectDirPath = "";
			projectRoot = "";
			targets = (
				F1AE30772A44594D00A67F5E /* RxSwift-Tutorial-4 */,
			);
		};
/* End PBXProject section */

/* Begin PBXResourcesBuildPhase section */
		F1AE30762A44594D00A67F5E /* Resources */ = {
			isa = PBXResourcesBuildPhase;
			buildActionMask = 2147483647;
			files = (
				F1AE30882A44594E00A67F5E /* LaunchScreen.storyboard in Resources */,
				F1AE30852A44594E00A67F5E /* Assets.xcassets in Resources */,
			);
			runOnlyForDeploymentPostprocessing = 0;
		};
/* End PBXResourcesBuildPhase section */

/* Begin PBXShellScriptBuildPhase section */
		1DF218A5FB21E83C377A8060 /* [CP] Check Pods Manifest.lock */ = {
			isa = PBXShellScriptBuildPhase;
			buildActionMask = 2147483647;
			files = (
			);
			inputFileListPaths = (
			);
			inputPaths = (
				"${PODS_PODFILE_DIR_PATH}/Podfile.lock",
				"${PODS_ROOT}/Manifest.lock",
			);
			name = "[CP] Check Pods Manifest.lock";
			outputFileListPaths = (
			);
			outputPaths = (
				"$(DERIVED_FILE_DIR)/Pods-RxSwift-Tutorial-4-checkManifestLockResult.txt",
			);
			runOnlyForDeploymentPostprocessing = 0;
			shellPath = /bin/sh;
			shellScript = "diff \"${PODS_PODFILE_DIR_PATH}/Podfile.lock\" \"${PODS_ROOT}/Manifest.lock\" > /dev/null\nif [ $? != 0 ] ; then\n    # print error to STDERR\n    echo \"error: The sandbox is not in sync with the Podfile.lock. Run 'pod install' or update your CocoaPods installation.\" >&2\n    exit 1\nfi\n# This output is used by Xcode 'outputs' to avoid re-running this script phase.\necho \"SUCCESS\" > \"${SCRIPT_OUTPUT_FILE_0}\"\n";
			showEnvVarsInLog = 0;
		};
		28AC392286FEE7728C3F7CF9 /* [CP] Embed Pods Frameworks */ = {
			isa = PBXShellScriptBuildPhase;
			buildActionMask = 2147483647;
			files = (
			);
			inputFileListPaths = (
				"${PODS_ROOT}/Target Support Files/Pods-RxSwift-Tutorial-4/Pods-RxSwift-Tutorial-4-frameworks-${CONFIGURATION}-input-files.xcfilelist",
			);
			name = "[CP] Embed Pods Frameworks";
			outputFileListPaths = (
				"${PODS_ROOT}/Target Support Files/Pods-RxSwift-Tutorial-4/Pods-RxSwift-Tutorial-4-frameworks-${CONFIGURATION}-output-files.xcfilelist",
			);
			runOnlyForDeploymentPostprocessing = 0;
			shellPath = /bin/sh;
			shellScript = "\"${PODS_ROOT}/Target Support Files/Pods-RxSwift-Tutorial-4/Pods-RxSwift-Tutorial-4-frameworks.sh\"\n";
			showEnvVarsInLog = 0;
		};
/* End PBXShellScriptBuildPhase section */

/* Begin PBXSourcesBuildPhase section */
		F1AE30742A44594D00A67F5E /* Sources */ = {
			isa = PBXSourcesBuildPhase;
			buildActionMask = 2147483647;
			files = (
				F1AE30802A44594D00A67F5E /* MainViewController.swift in Sources */,
				F1AE307C2A44594D00A67F5E /* AppDelegate.swift in Sources */,
				F1AE307E2A44594D00A67F5E /* SceneDelegate.swift in Sources */,
			);
			runOnlyForDeploymentPostprocessing = 0;
		};
/* End PBXSourcesBuildPhase section */

/* Begin PBXVariantGroup section */
		F1AE30862A44594E00A67F5E /* LaunchScreen.storyboard */ = {
			isa = PBXVariantGroup;
			children = (
				F1AE30872A44594E00A67F5E /* Base */,
			);
			name = LaunchScreen.storyboard;
			sourceTree = "<group>";
		};
/* End PBXVariantGroup section */

/* Begin XCBuildConfiguration section */
		F1AE308A2A44594E00A67F5E /* Debug */ = {
			isa = XCBuildConfiguration;
			buildSettings = {
				ALWAYS_SEARCH_USER_PATHS = NO;
				CLANG_ANALYZER_NONNULL = YES;
				CLANG_ANALYZER_NUMBER_OBJECT_CONVERSION = YES_AGGRESSIVE;
				CLANG_CXX_LANGUAGE_STANDARD = "gnu++20";
				CLANG_ENABLE_MODULES = YES;
				CLANG_ENABLE_OBJC_ARC = YES;
				CLANG_ENABLE_OBJC_WEAK = YES;
				CLANG_WARN_BLOCK_CAPTURE_AUTORELEASING = YES;
				CLANG_WARN_BOOL_CONVERSION = YES;
				CLANG_WARN_COMMA = YES;
				CLANG_WARN_CONSTANT_CONVERSION = YES;
				CLANG_WARN_DEPRECATED_OBJC_IMPLEMENTATIONS = YES;
				CLANG_WARN_DIRECT_OBJC_ISA_USAGE = YES_ERROR;
				CLANG_WARN_DOCUMENTATION_COMMENTS = YES;
				CLANG_WARN_EMPTY_BODY = YES;
				CLANG_WARN_ENUM_CONVERSION = YES;
				CLANG_WARN_INFINITE_RECURSION = YES;
				CLANG_WARN_INT_CONVERSION = YES;
				CLANG_WARN_NON_LITERAL_NULL_CONVERSION = YES;
				CLANG_WARN_OBJC_IMPLICIT_RETAIN_SELF = YES;
				CLANG_WARN_OBJC_LITERAL_CONVERSION = YES;
				CLANG_WARN_OBJC_ROOT_CLASS = YES_ERROR;
				CLANG_WARN_QUOTED_INCLUDE_IN_FRAMEWORK_HEADER = YES;
				CLANG_WARN_RANGE_LOOP_ANALYSIS = YES;
				CLANG_WARN_STRICT_PROTOTYPES = YES;
				CLANG_WARN_SUSPICIOUS_MOVE = YES;
				CLANG_WARN_UNGUARDED_AVAILABILITY = YES_AGGRESSIVE;
				CLANG_WARN_UNREACHABLE_CODE = YES;
				CLANG_WARN__DUPLICATE_METHOD_MATCH = YES;
				COPY_PHASE_STRIP = NO;
				DEBUG_INFORMATION_FORMAT = dwarf;
				ENABLE_STRICT_OBJC_MSGSEND = YES;
				ENABLE_TESTABILITY = YES;
				GCC_C_LANGUAGE_STANDARD = gnu11;
				GCC_DYNAMIC_NO_PIC = NO;
				GCC_NO_COMMON_BLOCKS = YES;
				GCC_OPTIMIZATION_LEVEL = 0;
				GCC_PREPROCESSOR_DEFINITIONS = (
					"DEBUG=1",
					"$(inherited)",
				);
				GCC_WARN_64_TO_32_BIT_CONVERSION = YES;
				GCC_WARN_ABOUT_RETURN_TYPE = YES_ERROR;
				GCC_WARN_UNDECLARED_SELECTOR = YES;
				GCC_WARN_UNINITIALIZED_AUTOS = YES_AGGRESSIVE;
				GCC_WARN_UNUSED_FUNCTION = YES;
				GCC_WARN_UNUSED_VARIABLE = YES;
				IPHONEOS_DEPLOYMENT_TARGET = 16.4;
				MTL_ENABLE_DEBUG_INFO = INCLUDE_SOURCE;
				MTL_FAST_MATH = YES;
				ONLY_ACTIVE_ARCH = YES;
				SDKROOT = iphoneos;
				SWIFT_ACTIVE_COMPILATION_CONDITIONS = DEBUG;
				SWIFT_OPTIMIZATION_LEVEL = "-Onone";
			};
			name = Debug;
		};
		F1AE308B2A44594E00A67F5E /* Release */ = {
			isa = XCBuildConfiguration;
			buildSettings = {
				ALWAYS_SEARCH_USER_PATHS = NO;
				CLANG_ANALYZER_NONNULL = YES;
				CLANG_ANALYZER_NUMBER_OBJECT_CONVERSION = YES_AGGRESSIVE;
				CLANG_CXX_LANGUAGE_STANDARD = "gnu++20";
				CLANG_ENABLE_MODULES = YES;
				CLANG_ENABLE_OBJC_ARC = YES;
				CLANG_ENABLE_OBJC_WEAK = YES;
				CLANG_WARN_BLOCK_CAPTURE_AUTORELEASING = YES;
				CLANG_WARN_BOOL_CONVERSION = YES;
				CLANG_WARN_COMMA = YES;
				CLANG_WARN_CONSTANT_CONVERSION = YES;
				CLANG_WARN_DEPRECATED_OBJC_IMPLEMENTATIONS = YES;
				CLANG_WARN_DIRECT_OBJC_ISA_USAGE = YES_ERROR;
				CLANG_WARN_DOCUMENTATION_COMMENTS = YES;
				CLANG_WARN_EMPTY_BODY = YES;
				CLANG_WARN_ENUM_CONVERSION = YES;
				CLANG_WARN_INFINITE_RECURSION = YES;
				CLANG_WARN_INT_CONVERSION = YES;
				CLANG_WARN_NON_LITERAL_NULL_CONVERSION = YES;
				CLANG_WARN_OBJC_IMPLICIT_RETAIN_SELF = YES;
				CLANG_WARN_OBJC_LITERAL_CONVERSION = YES;
				CLANG_WARN_OBJC_ROOT_CLASS = YES_ERROR;
				CLANG_WARN_QUOTED_INCLUDE_IN_FRAMEWORK_HEADER = YES;
				CLANG_WARN_RANGE_LOOP_ANALYSIS = YES;
				CLANG_WARN_STRICT_PROTOTYPES = YES;
				CLANG_WARN_SUSPICIOUS_MOVE = YES;
				CLANG_WARN_UNGUARDED_AVAILABILITY = YES_AGGRESSIVE;
				CLANG_WARN_UNREACHABLE_CODE = YES;
				CLANG_WARN__DUPLICATE_METHOD_MATCH = YES;
				COPY_PHASE_STRIP = NO;
				DEBUG_INFORMATION_FORMAT = "dwarf-with-dsym";
				ENABLE_NS_ASSERTIONS = NO;
				ENABLE_STRICT_OBJC_MSGSEND = YES;
				GCC_C_LANGUAGE_STANDARD = gnu11;
				GCC_NO_COMMON_BLOCKS = YES;
				GCC_WARN_64_TO_32_BIT_CONVERSION = YES;
				GCC_WARN_ABOUT_RETURN_TYPE = YES_ERROR;
				GCC_WARN_UNDECLARED_SELECTOR = YES;
				GCC_WARN_UNINITIALIZED_AUTOS = YES_AGGRESSIVE;
				GCC_WARN_UNUSED_FUNCTION = YES;
				GCC_WARN_UNUSED_VARIABLE = YES;
				IPHONEOS_DEPLOYMENT_TARGET = 16.4;
				MTL_ENABLE_DEBUG_INFO = NO;
				MTL_FAST_MATH = YES;
				SDKROOT = iphoneos;
				SWIFT_COMPILATION_MODE = wholemodule;
				SWIFT_OPTIMIZATION_LEVEL = "-O";
				VALIDATE_PRODUCT = YES;
			};
			name = Release;
		};
		F1AE308D2A44594E00A67F5E /* Debug */ = {
			isa = XCBuildConfiguration;
			baseConfigurationReference = EA563CAC184B17B69115B99A /* Pods-RxSwift-Tutorial-4.debug.xcconfig */;
			buildSettings = {
				ASSETCATALOG_COMPILER_APPICON_NAME = AppIcon;
				ASSETCATALOG_COMPILER_GLOBAL_ACCENT_COLOR_NAME = AccentColor;
				CODE_SIGN_STYLE = Automatic;
				CURRENT_PROJECT_VERSION = 1;
				DEVELOPMENT_TEAM = JY9QH7G8BB;
				GENERATE_INFOPLIST_FILE = YES;
				INFOPLIST_FILE = "RxSwift-Tutorial-4/Info.plist";
				INFOPLIST_KEY_UIApplicationSupportsIndirectInputEvents = YES;
				INFOPLIST_KEY_UILaunchStoryboardName = LaunchScreen;
				INFOPLIST_KEY_UISupportedInterfaceOrientations_iPad = "UIInterfaceOrientationPortrait UIInterfaceOrientationPortraitUpsideDown UIInterfaceOrientationLandscapeLeft UIInterfaceOrientationLandscapeRight";
				INFOPLIST_KEY_UISupportedInterfaceOrientations_iPhone = "UIInterfaceOrientationPortrait UIInterfaceOrientationLandscapeLeft UIInterfaceOrientationLandscapeRight";
				LD_RUNPATH_SEARCH_PATHS = (
					"$(inherited)",
					"@executable_path/Frameworks",
				);
				MARKETING_VERSION = 1.0;
				PRODUCT_BUNDLE_IDENTIFIER = "com.SamSung.RxSwift-Tutorial-4";
				PRODUCT_NAME = "$(TARGET_NAME)";
				SUPPORTED_PLATFORMS = "iphoneos iphonesimulator";
				SUPPORTS_MACCATALYST = NO;
				SUPPORTS_MAC_DESIGNED_FOR_IPHONE_IPAD = NO;
				SWIFT_EMIT_LOC_STRINGS = YES;
				SWIFT_VERSION = 5.0;
				TARGETED_DEVICE_FAMILY = 1;
			};
			name = Debug;
		};
		F1AE308E2A44594E00A67F5E /* Release */ = {
			isa = XCBuildConfiguration;
			baseConfigurationReference = 7F6DC81618AFEB7569251E2B /* Pods-RxSwift-Tutorial-4.release.xcconfig */;
			buildSettings = {
				ASSETCATALOG_COMPILER_APPICON_NAME = AppIcon;
				ASSETCATALOG_COMPILER_GLOBAL_ACCENT_COLOR_NAME = AccentColor;
				CODE_SIGN_STYLE = Automatic;
				CURRENT_PROJECT_VERSION = 1;
				DEVELOPMENT_TEAM = JY9QH7G8BB;
				GENERATE_INFOPLIST_FILE = YES;
				INFOPLIST_FILE = "RxSwift-Tutorial-4/Info.plist";
				INFOPLIST_KEY_UIApplicationSupportsIndirectInputEvents = YES;
				INFOPLIST_KEY_UILaunchStoryboardName = LaunchScreen;
				INFOPLIST_KEY_UISupportedInterfaceOrientations_iPad = "UIInterfaceOrientationPortrait UIInterfaceOrientationPortraitUpsideDown UIInterfaceOrientationLandscapeLeft UIInterfaceOrientationLandscapeRight";
				INFOPLIST_KEY_UISupportedInterfaceOrientations_iPhone = "UIInterfaceOrientationPortrait UIInterfaceOrientationLandscapeLeft UIInterfaceOrientationLandscapeRight";
				LD_RUNPATH_SEARCH_PATHS = (
					"$(inherited)",
					"@executable_path/Frameworks",
				);
				MARKETING_VERSION = 1.0;
				PRODUCT_BUNDLE_IDENTIFIER = "com.SamSung.RxSwift-Tutorial-4";
				PRODUCT_NAME = "$(TARGET_NAME)";
				SUPPORTED_PLATFORMS = "iphoneos iphonesimulator";
				SUPPORTS_MACCATALYST = NO;
				SUPPORTS_MAC_DESIGNED_FOR_IPHONE_IPAD = NO;
				SWIFT_EMIT_LOC_STRINGS = YES;
				SWIFT_VERSION = 5.0;
				TARGETED_DEVICE_FAMILY = 1;
			};
			name = Release;
		};
/* End XCBuildConfiguration section */

/* Begin XCConfigurationList section */
		F1AE30732A44594D00A67F5E /* Build configuration list for PBXProject "RxSwift-Tutorial-4" */ = {
			isa = XCConfigurationList;
			buildConfigurations = (
				F1AE308A2A44594E00A67F5E /* Debug */,
				F1AE308B2A44594E00A67F5E /* Release */,
			);
			defaultConfigurationIsVisible = 0;
			defaultConfigurationName = Release;
		};
		F1AE308C2A44594E00A67F5E /* Build configuration list for PBXNativeTarget "RxSwift-Tutorial-4" */ = {
			isa = XCConfigurationList;
			buildConfigurations = (
				F1AE308D2A44594E00A67F5E /* Debug */,
				F1AE308E2A44594E00A67F5E /* Release */,
			);
			defaultConfigurationIsVisible = 0;
			defaultConfigurationName = Release;
		};
/* End XCConfigurationList section */
	};
	rootObject = F1AE30702A44594D00A67F5E /* Project object */;
}
